
Microsoft Visual Studio Solution File, Format Version 12.00
# Visual Studio Version 16
VisualStudioVersion = 16.0.32228.343
MinimumVisualStudioVersion = 10.0.40219.1
Project("{8BC9CEB8-8B4A-11D0-8D11-00A0C91BC942}") = "BetterPong", "BetterPong.vcxproj", "{A43F8329-9425-48AF-9108-EAF16CC1A66E}"
EndProject
Global
	GlobalSection(SolutionConfigurationPlatforms) = preSolution
		Debug|x64 = Debug|x64
		Debug|x86 = Debug|x86
		Release|x64 = Release|x64
		Release|x86 = Release|x86
	EndGlobalSection
	GlobalSection(ProjectConfigurationPlatforms) = postSolution
		{A43F8329-9425-48AF-9108-EAF16CC1A66E}.Debug|x64.ActiveCfg = Debug|x64
		{A43F8329-9425-48AF-9108-EAF16CC1A66E}.Debug|x64.Build.0 = Debug|x64
		{A43F8329-9425-48AF-9108-EAF16CC1A66E}.Debug|x86.ActiveCfg = Debug|Win32
		{A43F8329-9425-48AF-9108-EAF16CC1A66E}.Debug|x86.Build.0 = Debug|Win32
		{A43F8329-9425-48AF-9108-EAF16CC1A66E}.Release|x64.ActiveCfg = Release|x64
		{A43F8329-9425-48AF-9108-EAF16CC1A66E}.Release|x64.Build.0 = Release|x64
		{A43F8329-9425-48AF-9108-EAF16CC1A66E}.Release|x86.ActiveCfg = Release|Win32
		{A43F8329-9425-48AF-9108-EAF16CC1A66E}.Release|x86.Build.0 = Release|Win32
	EndGlobalSection
	GlobalSection(SolutionProperties) = preSolution
		HideSolutionNode = FALSE
	EndGlobalSection
	GlobalSection(ExtensibilityGlobals) = postSolution
		SolutionGuid = {42ABC71E-880D-435A-82F3-259ABBD96B37}
	EndGlobalSection
EndGlobal
